
Microsoft Visual Studio Solution File, Format Version 12.00
# Visual Studio Version 16
VisualStudioVersion = 16.0.31624.102
MinimumVisualStudioVersion = 10.0.40219.1
Project("{FAE04EC0-301F-11D3-BF4B-00C04F79EFBC}") = "Practica07-1-2021", "Practica07-1-2021\Practica07-1-2021.csproj", "{72B35620-2E43-44D8-9626-B4862EBFB4F3}"
EndProject
Global
	GlobalSection(SolutionConfigurationPlatforms) = preSolution
		Debug|Any CPU = Debug|Any CPU
		Release|Any CPU = Release|Any CPU
	EndGlobalSection
	GlobalSection(ProjectConfigurationPlatforms) = postSolution
		{72B35620-2E43-44D8-9626-B4862EBFB4F3}.Debug|Any CPU.ActiveCfg = Debug|Any CPU
		{72B35620-2E43-44D8-9626-B4862EBFB4F3}.Debug|Any CPU.Build.0 = Debug|Any CPU
		{72B35620-2E43-44D8-9626-B4862EBFB4F3}.Release|Any CPU.ActiveCfg = Release|Any CPU
		{72B35620-2E43-44D8-9626-B4862EBFB4F3}.Release|Any CPU.Build.0 = Release|Any CPU
	EndGlobalSection
	GlobalSection(SolutionProperties) = preSolution
		HideSolutionNode = FALSE
	EndGlobalSection
	GlobalSection(ExtensibilityGlobals) = postSolution
		SolutionGuid = {61A2C9AA-B74D-43D8-B484-BF25C746565B}
	EndGlobalSection
EndGlobal
